// !$*UTF8*$!
{
	archiveVersion = 1;
	classes = {
	};
	objectVersion = 46;
	objects = {

/* Begin PBXBuildFile section */
		D485C88C192C9EA300C7DFDF /* Foundation.framework in Frameworks */ = {isa = PBXBuildFile; fileRef = D485C88B192C9EA300C7DFDF /* Foundation.framework */; };
		D485C88E192C9EA300C7DFDF /* CoreGraphics.framework in Frameworks */ = {isa = PBXBuildFile; fileRef = D485C88D192C9EA300C7DFDF /* CoreGraphics.framework */; };
		D485C890192C9EA300C7DFDF /* UIKit.framework in Frameworks */ = {isa = PBXBuildFile; fileRef = D485C88F192C9EA300C7DFDF /* UIKit.framework */; };
		D485C896192C9EA300C7DFDF /* InfoPlist.strings in Resources */ = {isa = PBXBuildFile; fileRef = D485C894192C9EA300C7DFDF /* InfoPlist.strings */; };
		D485C898192C9EA300C7DFDF /* main.m in Sources */ = {isa = PBXBuildFile; fileRef = D485C897192C9EA300C7DFDF /* main.m */; };
		D485C89C192C9EA300C7DFDF /* AppDelegate.m in Sources */ = {isa = PBXBuildFile; fileRef = D485C89B192C9EA300C7DFDF /* AppDelegate.m */; };
		D485C89E192C9EA300C7DFDF /* Images.xcassets in Resources */ = {isa = PBXBuildFile; fileRef = D485C89D192C9EA300C7DFDF /* Images.xcassets */; };
		D485C8A5192C9EA300C7DFDF /* XCTest.framework in Frameworks */ = {isa = PBXBuildFile; fileRef = D485C8A4192C9EA300C7DFDF /* XCTest.framework */; };
		D485C8A6192C9EA300C7DFDF /* Foundation.framework in Frameworks */ = {isa = PBXBuildFile; fileRef = D485C88B192C9EA300C7DFDF /* Foundation.framework */; };
		D485C8A7192C9EA300C7DFDF /* UIKit.framework in Frameworks */ = {isa = PBXBuildFile; fileRef = D485C88F192C9EA300C7DFDF /* UIKit.framework */; };
		D485C8AF192C9EA300C7DFDF /* InfoPlist.strings in Resources */ = {isa = PBXBuildFile; fileRef = D485C8AD192C9EA300C7DFDF /* InfoPlist.strings */; };
		D485C8B1192C9EA300C7DFDF /* sampleTests.m in Sources */ = {isa = PBXBuildFile; fileRef = D485C8B0192C9EA300C7DFDF /* sampleTests.m */; };
/* End PBXBuildFile section */

/* Begin PBXContainerItemProxy section */
		D485C8A8192C9EA300C7DFDF /* PBXContainerItemProxy */ = {
			isa = PBXContainerItemProxy;
			containerPortal = D485C880192C9EA300C7DFDF /* Project object */;
			proxyType = 1;
			remoteGlobalIDString = D485C887192C9EA300C7DFDF;
			remoteInfo = sample;
		};
/* End PBXContainerItemProxy section */

/* Begin PBXFileReference section */
		D485C888192C9EA300C7DFDF /* sample.app */ = {isa = PBXFileReference; explicitFileType = wrapper.application; includeInIndex = 0; path = sample.app; sourceTree = BUILT_PRODUCTS_DIR; };
		D485C88B192C9EA300C7DFDF /* Foundation.framework */ = {isa = PBXFileReference; lastKnownFileType = wrapper.framework; name = Foundation.framework; path = System/Library/Frameworks/Foundation.framework; sourceTree = SDKROOT; };
		D485C88D192C9EA300C7DFDF /* CoreGraphics.framework */ = {isa = PBXFileReference; lastKnownFileType = wrapper.framework; name = CoreGraphics.framework; path = System/Library/Frameworks/CoreGraphics.framework; sourceTree = SDKROOT; };
		D485C88F192C9EA300C7DFDF /* UIKit.framework */ = {isa = PBXFileReference; lastKnownFileType = wrapper.framework; name = UIKit.framework; path = System/Library/Frameworks/UIKit.framework; sourceTree = SDKROOT; };
		D485C893192C9EA300C7DFDF /* sample-Info.plist */ = {isa = PBXFileReference; lastKnownFileType = text.plist.xml; path = "sample-Info.plist"; sourceTree = "<group>"; };
		D485C895192C9EA300C7DFDF /* en */ = {isa = PBXFileReference; lastKnownFileType = text.plist.strings; name = en; path = en.lproj/InfoPlist.strings; sourceTree = "<group>"; };
		D485C897192C9EA300C7DFDF /* main.m */ = {isa = PBXFileReference; lastKnownFileType = sourcecode.c.objc; path = main.m; sourceTree = "<group>"; };
		D485C899192C9EA300C7DFDF /* sample-Prefix.pch */ = {isa = PBXFileReference; lastKnownFileType = sourcecode.c.h; path = "sample-Prefix.pch"; sourceTree = "<group>"; };
		D485C89A192C9EA300C7DFDF /* AppDelegate.h */ = {isa = PBXFileReference; lastKnownFileType = sourcecode.c.h; path = AppDelegate.h; sourceTree = "<group>"; };
		D485C89B192C9EA300C7DFDF /* AppDelegate.m */ = {isa = PBXFileReference; lastKnownFileType = sourcecode.c.objc; path = AppDelegate.m; sourceTree = "<group>"; };
		D485C89D192C9EA300C7DFDF /* Images.xcassets */ = {isa = PBXFileReference; lastKnownFileType = folder.assetcatalog; path = Images.xcassets; sourceTree = "<group>"; };
		D485C8A3192C9EA300C7DFDF /* sampleTests.xctest */ = {isa = PBXFileReference; explicitFileType = wrapper.cfbundle; includeInIndex = 0; path = sampleTests.xctest; sourceTree = BUILT_PRODUCTS_DIR; };
		D485C8A4192C9EA300C7DFDF /* XCTest.framework */ = {isa = PBXFileReference; lastKnownFileType = wrapper.framework; name = XCTest.framework; path = Library/Frameworks/XCTest.framework; sourceTree = DEVELOPER_DIR; };
		D485C8AC192C9EA300C7DFDF /* sampleTests-Info.plist */ = {isa = PBXFileReference; lastKnownFileType = text.plist.xml; path = "sampleTests-Info.plist"; sourceTree = "<group>"; };
		D485C8AE192C9EA300C7DFDF /* en */ = {isa = PBXFileReference; lastKnownFileType = text.plist.strings; name = en; path = en.lproj/InfoPlist.strings; sourceTree = "<group>"; };
		D485C8B0192C9EA300C7DFDF /* sampleTests.m */ = {isa = PBXFileReference; lastKnownFileType = sourcecode.c.objc; path = sampleTests.m; sourceTree = "<group>"; };
/* End PBXFileReference section */

/* Begin PBXFrameworksBuildPhase section */
		D485C885192C9EA300C7DFDF /* Frameworks */ = {
			isa = PBXFrameworksBuildPhase;
			buildActionMask = 2147483647;
			files = (
				D485C88E192C9EA300C7DFDF /* CoreGraphics.framework in Frameworks */,
				D485C890192C9EA300C7DFDF /* UIKit.framework in Frameworks */,
				D485C88C192C9EA300C7DFDF /* Foundation.framework in Frameworks */,
			);
			runOnlyForDeploymentPostprocessing = 0;
		};
		D485C8A0192C9EA300C7DFDF /* Frameworks */ = {
			isa = PBXFrameworksBuildPhase;
			buildActionMask = 2147483647;
			files = (
				D485C8A5192C9EA300C7DFDF /* XCTest.framework in Frameworks */,
				D485C8A7192C9EA300C7DFDF /* UIKit.framework in Frameworks */,
				D485C8A6192C9EA300C7DFDF /* Foundation.framework in Frameworks */,
			);
			runOnlyForDeploymentPostprocessing = 0;
		};
/* End PBXFrameworksBuildPhase section */

/* Begin PBXGroup section */
		D485C87F192C9EA300C7DFDF = {
			isa = PBXGroup;
			children = (
				D485C891192C9EA300C7DFDF /* sample */,
				D485C8AA192C9EA300C7DFDF /* sampleTests */,
				D485C88A192C9EA300C7DFDF /* Frameworks */,
				D485C889192C9EA300C7DFDF /* Products */,
			);
			sourceTree = "<group>";
		};
		D485C889192C9EA300C7DFDF /* Products */ = {
			isa = PBXGroup;
			children = (
				D485C888192C9EA300C7DFDF /* sample.app */,
				D485C8A3192C9EA300C7DFDF /* sampleTests.xctest */,
			);
			name = Products;
			sourceTree = "<group>";
		};
		D485C88A192C9EA300C7DFDF /* Frameworks */ = {
			isa = PBXGroup;
			children = (
				D485C88B192C9EA300C7DFDF /* Foundation.framework */,
				D485C88D192C9EA300C7DFDF /* CoreGraphics.framework */,
				D485C88F192C9EA300C7DFDF /* UIKit.framework */,
				D485C8A4192C9EA300C7DFDF /* XCTest.framework */,
			);
			name = Frameworks;
			sourceTree = "<group>";
		};
		D485C891192C9EA300C7DFDF /* sample */ = {
			isa = PBXGroup;
			children = (
				D485C89A192C9EA300C7DFDF /* AppDelegate.h */,
				D485C89B192C9EA300C7DFDF /* AppDelegate.m */,
				D485C89D192C9EA300C7DFDF /* Images.xcassets */,
				D485C892192C9EA300C7DFDF /* Supporting Files */,
			);
			path = sample;
			sourceTree = "<group>";
		};
		D485C892192C9EA300C7DFDF /* Supporting Files */ = {
			isa = PBXGroup;
			children = (
				D485C893192C9EA300C7DFDF /* sample-Info.plist */,
				D485C894192C9EA300C7DFDF /* InfoPlist.strings */,
				D485C897192C9EA300C7DFDF /* main.m */,
				D485C899192C9EA300C7DFDF /* sample-Prefix.pch */,
			);
			name = "Supporting Files";
			sourceTree = "<group>";
		};
		D485C8AA192C9EA300C7DFDF /* sampleTests */ = {
			isa = PBXGroup;
			children = (
				D485C8B0192C9EA300C7DFDF /* sampleTests.m */,
				D485C8AB192C9EA300C7DFDF /* Supporting Files */,
			);
			path = sampleTests;
			sourceTree = "<group>";
		};
		D485C8AB192C9EA300C7DFDF /* Supporting Files */ = {
			isa = PBXGroup;
			children = (
				D485C8AC192C9EA300C7DFDF /* sampleTests-Info.plist */,
				D485C8AD192C9EA300C7DFDF /* InfoPlist.strings */,
			);
			name = "Supporting Files";
			sourceTree = "<group>";
		};
/* End PBXGroup section */

/* Begin PBXNativeTarget section */
		D485C887192C9EA300C7DFDF /* sample */ = {
			isa = PBXNativeTarget;
			buildConfigurationList = D485C8B4192C9EA300C7DFDF /* Build configuration list for PBXNativeTarget "sample" */;
			buildPhases = (
				D485C884192C9EA300C7DFDF /* Sources */,
				D485C885192C9EA300C7DFDF /* Frameworks */,
				D485C886192C9EA300C7DFDF /* Resources */,
			);
			buildRules = (
			);
			dependencies = (
			);
			name = sample;
			productName = sample;
			productReference = D485C888192C9EA300C7DFDF /* sample.app */;
			productType = "com.apple.product-type.application";
		};
		D485C8A2192C9EA300C7DFDF /* sampleTests */ = {
			isa = PBXNativeTarget;
			buildConfigurationList = D485C8B7192C9EA300C7DFDF /* Build configuration list for PBXNativeTarget "sampleTests" */;
			buildPhases = (
				D485C89F192C9EA300C7DFDF /* Sources */,
				D485C8A0192C9EA300C7DFDF /* Frameworks */,
				D485C8A1192C9EA300C7DFDF /* Resources */,
			);
			buildRules = (
			);
			dependencies = (
				D485C8A9192C9EA300C7DFDF /* PBXTargetDependency */,
			);
			name = sampleTests;
			productName = sampleTests;
			productReference = D485C8A3192C9EA300C7DFDF /* sampleTests.xctest */;
			productType = "com.apple.product-type.bundle.unit-test";
		};
/* End PBXNativeTarget section */

/* Begin PBXProject section */
		D485C880192C9EA300C7DFDF /* Project object */ = {
			isa = PBXProject;
			attributes = {
				LastUpgradeCheck = 0510;
				ORGANIZATIONNAME = rsuzuki;
				TargetAttributes = {
					D485C8A2192C9EA300C7DFDF = {
						TestTargetID = D485C887192C9EA300C7DFDF;
					};
				};
			};
			buildConfigurationList = D485C883192C9EA300C7DFDF /* Build configuration list for PBXProject "sample" */;
			compatibilityVersion = "Xcode 3.2";
			developmentRegion = English;
			hasScannedForEncodings = 0;
			knownRegions = (
				en,
			);
			mainGroup = D485C87F192C9EA300C7DFDF;
			productRefGroup = D485C889192C9EA300C7DFDF /* Products */;
			projectDirPath = "";
			projectRoot = "";
			targets = (
				D485C887192C9EA300C7DFDF /* sample */,
				D485C8A2192C9EA300C7DFDF /* sampleTests */,
			);
		};
/* End PBXProject section */

/* Begin PBXResourcesBuildPhase section */
		D485C886192C9EA300C7DFDF /* Resources */ = {
			isa = PBXResourcesBuildPhase;
			buildActionMask = 2147483647;
			files = (
				D485C896192C9EA300C7DFDF /* InfoPlist.strings in Resources */,
				D485C89E192C9EA300C7DFDF /* Images.xcassets in Resources */,
			);
			runOnlyForDeploymentPostprocessing = 0;
		};
		D485C8A1192C9EA300C7DFDF /* Resources */ = {
			isa = PBXResourcesBuildPhase;
			buildActionMask = 2147483647;
			files = (
				D485C8AF192C9EA300C7DFDF /* InfoPlist.strings in Resources */,
			);
			runOnlyForDeploymentPostprocessing = 0;
		};
/* End PBXResourcesBuildPhase section */

/* Begin PBXSourcesBuildPhase section */
		D485C884192C9EA300C7DFDF /* Sources */ = {
			isa = PBXSourcesBuildPhase;
			buildActionMask = 2147483647;
			files = (
				D485C89C192C9EA300C7DFDF /* AppDelegate.m in Sources */,
				D485C898192C9EA300C7DFDF /* main.m in Sources */,
			);
			runOnlyForDeploymentPostprocessing = 0;
		};
		D485C89F192C9EA300C7DFDF /* Sources */ = {
			isa = PBXSourcesBuildPhase;
			buildActionMask = 2147483647;
			files = (
				D485C8B1192C9EA300C7DFDF /* sampleTests.m in Sources */,
			);
			runOnlyForDeploymentPostprocessing = 0;
		};
/* End PBXSourcesBuildPhase section */

/* Begin PBXTargetDependency section */
		D485C8A9192C9EA300C7DFDF /* PBXTargetDependency */ = {
			isa = PBXTargetDependency;
			target = D485C887192C9EA300C7DFDF /* sample */;
			targetProxy = D485C8A8192C9EA300C7DFDF /* PBXContainerItemProxy */;
		};
/* End PBXTargetDependency section */

/* Begin PBXVariantGroup section */
		D485C894192C9EA300C7DFDF /* InfoPlist.strings */ = {
			isa = PBXVariantGroup;
			children = (
				D485C895192C9EA300C7DFDF /* en */,
			);
			name = InfoPlist.strings;
			sourceTree = "<group>";
		};
		D485C8AD192C9EA300C7DFDF /* InfoPlist.strings */ = {
			isa = PBXVariantGroup;
			children = (
				D485C8AE192C9EA300C7DFDF /* en */,
			);
			name = InfoPlist.strings;
			sourceTree = "<group>";
		};
/* End PBXVariantGroup section */

/* Begin XCBuildConfiguration section */
		D485C8B2192C9EA300C7DFDF /* Debug */ = {
			isa = XCBuildConfiguration;
			buildSettings = {
				ALWAYS_SEARCH_USER_PATHS = NO;
				CLANG_CXX_LANGUAGE_STANDARD = "gnu++0x";
				CLANG_CXX_LIBRARY = "libc++";
				CLANG_ENABLE_MODULES = YES;
				CLANG_ENABLE_OBJC_ARC = YES;
				CLANG_WARN_BOOL_CONVERSION = YES;
				CLANG_WARN_CONSTANT_CONVERSION = YES;
				CLANG_WARN_DIRECT_OBJC_ISA_USAGE = YES_ERROR;
				CLANG_WARN_EMPTY_BODY = YES;
				CLANG_WARN_ENUM_CONVERSION = YES;
				CLANG_WARN_INT_CONVERSION = YES;
				CLANG_WARN_OBJC_ROOT_CLASS = YES_ERROR;
				CLANG_WARN__DUPLICATE_METHOD_MATCH = YES;
				"CODE_SIGN_IDENTITY[sdk=iphoneos*]" = "iPhone Developer";
				COPY_PHASE_STRIP = NO;
				GCC_C_LANGUAGE_STANDARD = gnu99;
				GCC_DYNAMIC_NO_PIC = NO;
				GCC_OPTIMIZATION_LEVEL = 0;
				GCC_PREPROCESSOR_DEFINITIONS = (
					"DEBUG=1",
					"$(inherited)",
				);
				GCC_SYMBOLS_PRIVATE_EXTERN = NO;
				GCC_WARN_64_TO_32_BIT_CONVERSION = YES;
				GCC_WARN_ABOUT_RETURN_TYPE = YES_ERROR;
				GCC_WARN_UNDECLARED_SELECTOR = YES;
				GCC_WARN_UNINITIALIZED_AUTOS = YES_AGGRESSIVE;
				GCC_WARN_UNUSED_FUNCTION = YES;
				GCC_WARN_UNUSED_VARIABLE = YES;
				IPHONEOS_DEPLOYMENT_TARGET = 7.1;
				ONLY_ACTIVE_ARCH = YES;
				SDKROOT = iphoneos;
				TARGETED_DEVICE_FAMILY = "1,2";
			};
			name = Debug;
		};
		D485C8B3192C9EA300C7DFDF /* Release */ = {
			isa = XCBuildConfiguration;
			buildSettings = {
				ALWAYS_SEARCH_USER_PATHS = NO;
				CLANG_CXX_LANGUAGE_STANDARD = "gnu++0x";
				CLANG_CXX_LIBRARY = "libc++";
				CLANG_ENABLE_MODULES = YES;
				CLANG_ENABLE_OBJC_ARC = YES;
				CLANG_WARN_BOOL_CONVERSION = YES;
				CLANG_WARN_CONSTANT_CONVERSION = YES;
				CLANG_WARN_DIRECT_OBJC_ISA_USAGE = YES_ERROR;
				CLANG_WARN_EMPTY_BODY = YES;
				CLANG_WARN_ENUM_CONVERSION = YES;
				CLANG_WARN_INT_CONVERSION = YES;
				CLANG_WARN_OBJC_ROOT_CLASS = YES_ERROR;
				CLANG_WARN__DUPLICATE_METHOD_MATCH = YES;
				"CODE_SIGN_IDENTITY[sdk=iphoneos*]" = "iPhone Developer";
				COPY_PHASE_STRIP = YES;
				ENABLE_NS_ASSERTIONS = NO;
				GCC_C_LANGUAGE_STANDARD = gnu99;
				GCC_WARN_64_TO_32_BIT_CONVERSION = YES;
				GCC_WARN_ABOUT_RETURN_TYPE = YES_ERROR;
				GCC_WARN_UNDECLARED_SELECTOR = YES;
				GCC_WARN_UNINITIALIZED_AUTOS = YES_AGGRESSIVE;
				GCC_WARN_UNUSED_FUNCTION = YES;
				GCC_WARN_UNUSED_VARIABLE = YES;
				IPHONEOS_DEPLOYMENT_TARGET = 7.1;
				SDKROOT = iphoneos;
				TARGETED_DEVICE_FAMILY = "1,2";
				VALIDATE_PRODUCT = YES;
			};
			name = Release;
		};
		D485C8B5192C9EA300C7DFDF /* Debug */ = {
			isa = XCBuildConfiguration;
			buildSettings = {
				ASSETCATALOG_COMPILER_APPICON_NAME = AppIcon;
				ASSETCATALOG_COMPILER_LAUNCHIMAGE_NAME = LaunchImage;
				GCC_PRECOMPILE_PREFIX_HEADER = YES;
				GCC_PREFIX_HEADER = "sample/sample-Prefix.pch";
				INFOPLIST_FILE = "sample/sample-Info.plist";
				PRODUCT_NAME = "$(TARGET_NAME)";
				WRAPPER_EXTENSION = app;
			};
			name = Debug;
		};
		D485C8B6192C9EA300C7DFDF /* Release */ = {
			isa = XCBuildConfiguration;
			buildSettings = {
				ASSETCATALOG_COMPILER_APPICON_NAME = AppIcon;
				ASSETCATALOG_COMPILER_LAUNCHIMAGE_NAME = LaunchImage;
				GCC_PRECOMPILE_PREFIX_HEADER = YES;
				GCC_PREFIX_HEADER = "sample/sample-Prefix.pch";
				INFOPLIST_FILE = "sample/sample-Info.plist";
				PRODUCT_NAME = "$(TARGET_NAME)";
				WRAPPER_EXTENSION = app;
			};
			name = Release;
		};
		D485C8B8192C9EA300C7DFDF /* Debug */ = {
			isa = XCBuildConfiguration;
			buildSettings = {
				BUNDLE_LOADER = "$(BUILT_PRODUCTS_DIR)/sample.app/sample";
				FRAMEWORK_SEARCH_PATHS = (
					"$(SDKROOT)/Developer/Library/Frameworks",
					"$(inherited)",
					"$(DEVELOPER_FRAMEWORKS_DIR)",
				);
				GCC_PRECOMPILE_PREFIX_HEADER = YES;
				GCC_PREFIX_HEADER = "sample/sample-Prefix.pch";
				GCC_PREPROCESSOR_DEFINITIONS = (
					"DEBUG=1",
					"$(inherited)",
				);
				INFOPLIST_FILE = "sampleTests/sampleTests-Info.plist";
				PRODUCT_NAME = "$(TARGET_NAME)";
				TEST_HOST = "$(BUNDLE_LOADER)";
				WRAPPER_EXTENSION = xctest;
			};
			name = Debug;
		};
		D485C8B9192C9EA300C7DFDF /* Release */ = {
			isa = XCBuildConfiguration;
			buildSettings = {
				BUNDLE_LOADER = "$(BUILT_PRODUCTS_DIR)/sample.app/sample";
				FRAMEWORK_SEARCH_PATHS = (
					"$(SDKROOT)/Developer/Library/Frameworks",
					"$(inherited)",
					"$(DEVELOPER_FRAMEWORKS_DIR)",
				);
				GCC_PRECOMPILE_PREFIX_HEADER = YES;
				GCC_PREFIX_HEADER = "sample/sample-Prefix.pch";
				INFOPLIST_FILE = "sampleTests/sampleTests-Info.plist";
				PRODUCT_NAME = "$(TARGET_NAME)";
				TEST_HOST = "$(BUNDLE_LOADER)";
				WRAPPER_EXTENSION = xctest;
			};
			name = Release;
		};
/* End XCBuildConfiguration section */

/* Begin XCConfigurationList section */
		D485C883192C9EA300C7DFDF /* Build configuration list for PBXProject "sample" */ = {
			isa = XCConfigurationList;
			buildConfigurations = (
				D485C8B2192C9EA300C7DFDF /* Debug */,
				D485C8B3192C9EA300C7DFDF /* Release */,
			);
			defaultConfigurationIsVisible = 0;
			defaultConfigurationName = Release;
		};
		D485C8B4192C9EA300C7DFDF /* Build configuration list for PBXNativeTarget "sample" */ = {
			isa = XCConfigurationList;
			buildConfigurations = (
				D485C8B5192C9EA300C7DFDF /* Debug */,
				D485C8B6192C9EA300C7DFDF /* Release */,
			);
			defaultConfigurationIsVisible = 0;
		};
		D485C8B7192C9EA300C7DFDF /* Build configuration list for PBXNativeTarget "sampleTests" */ = {
			isa = XCConfigurationList;
			buildConfigurations = (
				D485C8B8192C9EA300C7DFDF /* Debug */,
				D485C8B9192C9EA300C7DFDF /* Release */,
			);
			defaultConfigurationIsVisible = 0;
		};
/* End XCConfigurationList section */
	};
	rootObject = D485C880192C9EA300C7DFDF /* Project object */;
}
